// !$*UTF8*$!
{
	archiveVersion = 1;
	classes = {
	};
	objectVersion = 46;
	objects = {

/* Begin PBXBuildFile section */
		710D489D14BCEB76001DACCA /* TrainingPaceDetailViewController.m in Sources */ = {isa = PBXBuildFile; fileRef = 710D489C14BCEB75001DACCA /* TrainingPaceDetailViewController.m */; };
		71E9315A14B9F3AE0093C709 /* UIKit.framework in Frameworks */ = {isa = PBXBuildFile; fileRef = 71E9315914B9F3AE0093C709 /* UIKit.framework */; };
		71E9315C14B9F3AE0093C709 /* Foundation.framework in Frameworks */ = {isa = PBXBuildFile; fileRef = 71E9315B14B9F3AE0093C709 /* Foundation.framework */; };
		71E9315E14B9F3AE0093C709 /* CoreGraphics.framework in Frameworks */ = {isa = PBXBuildFile; fileRef = 71E9315D14B9F3AE0093C709 /* CoreGraphics.framework */; };
		71E9316414B9F3AE0093C709 /* InfoPlist.strings in Resources */ = {isa = PBXBuildFile; fileRef = 71E9316214B9F3AE0093C709 /* InfoPlist.strings */; };
		71E9316614B9F3AE0093C709 /* main.m in Sources */ = {isa = PBXBuildFile; fileRef = 71E9316514B9F3AE0093C709 /* main.m */; };
		71E9316A14B9F3AE0093C709 /* RunCalcAppDelegate.m in Sources */ = {isa = PBXBuildFile; fileRef = 71E9316914B9F3AE0093C709 /* RunCalcAppDelegate.m */; };
		71E9316D14B9F3AE0093C709 /* MainStoryboard.storyboard in Resources */ = {isa = PBXBuildFile; fileRef = 71E9316B14B9F3AE0093C709 /* MainStoryboard.storyboard */; };
		71E9317014B9F3AE0093C709 /* RunCalcMasterViewController.m in Sources */ = {isa = PBXBuildFile; fileRef = 71E9316F14B9F3AE0093C709 /* RunCalcMasterViewController.m */; };
		71E9317D14BA22630093C709 /* runner.png in Resources */ = {isa = PBXBuildFile; fileRef = 71E9317C14BA22630093C709 /* runner.png */; };
/* End PBXBuildFile section */

/* Begin PBXFileReference section */
		710D489B14BCEB75001DACCA /* TrainingPaceDetailViewController.h */ = {isa = PBXFileReference; fileEncoding = 4; lastKnownFileType = sourcecode.c.h; path = TrainingPaceDetailViewController.h; sourceTree = "<group>"; };
		710D489C14BCEB75001DACCA /* TrainingPaceDetailViewController.m */ = {isa = PBXFileReference; fileEncoding = 4; lastKnownFileType = sourcecode.c.objc; path = TrainingPaceDetailViewController.m; sourceTree = "<group>"; };
		71E9315514B9F3AE0093C709 /* RunningCalculator.app */ = {isa = PBXFileReference; explicitFileType = wrapper.application; includeInIndex = 0; path = RunningCalculator.app; sourceTree = BUILT_PRODUCTS_DIR; };
		71E9315914B9F3AE0093C709 /* UIKit.framework */ = {isa = PBXFileReference; lastKnownFileType = wrapper.framework; name = UIKit.framework; path = System/Library/Frameworks/UIKit.framework; sourceTree = SDKROOT; };
		71E9315B14B9F3AE0093C709 /* Foundation.framework */ = {isa = PBXFileReference; lastKnownFileType = wrapper.framework; name = Foundation.framework; path = System/Library/Frameworks/Foundation.framework; sourceTree = SDKROOT; };
		71E9315D14B9F3AE0093C709 /* CoreGraphics.framework */ = {isa = PBXFileReference; lastKnownFileType = wrapper.framework; name = CoreGraphics.framework; path = System/Library/Frameworks/CoreGraphics.framework; sourceTree = SDKROOT; };
		71E9316114B9F3AE0093C709 /* RunningCalculator-Info.plist */ = {isa = PBXFileReference; lastKnownFileType = text.plist.xml; path = "RunningCalculator-Info.plist"; sourceTree = "<group>"; };
		71E9316314B9F3AE0093C709 /* en */ = {isa = PBXFileReference; lastKnownFileType = text.plist.strings; name = en; path = en.lproj/InfoPlist.strings; sourceTree = "<group>"; };
		71E9316514B9F3AE0093C709 /* main.m */ = {isa = PBXFileReference; lastKnownFileType = sourcecode.c.objc; path = main.m; sourceTree = "<group>"; };
		71E9316714B9F3AE0093C709 /* RunningCalculator-Prefix.pch */ = {isa = PBXFileReference; lastKnownFileType = sourcecode.c.h; path = "RunningCalculator-Prefix.pch"; sourceTree = "<group>"; };
		71E9316814B9F3AE0093C709 /* RunCalcAppDelegate.h */ = {isa = PBXFileReference; lastKnownFileType = sourcecode.c.h; path = RunCalcAppDelegate.h; sourceTree = "<group>"; };
		71E9316914B9F3AE0093C709 /* RunCalcAppDelegate.m */ = {isa = PBXFileReference; lastKnownFileType = sourcecode.c.objc; path = RunCalcAppDelegate.m; sourceTree = "<group>"; };
		71E9316C14B9F3AE0093C709 /* en */ = {isa = PBXFileReference; lastKnownFileType = file.storyboard; name = en; path = en.lproj/MainStoryboard.storyboard; sourceTree = "<group>"; };
		71E9316E14B9F3AE0093C709 /* RunCalcMasterViewController.h */ = {isa = PBXFileReference; lastKnownFileType = sourcecode.c.h; path = RunCalcMasterViewController.h; sourceTree = "<group>"; };
		71E9316F14B9F3AE0093C709 /* RunCalcMasterViewController.m */ = {isa = PBXFileReference; lastKnownFileType = sourcecode.c.objc; path = RunCalcMasterViewController.m; sourceTree = "<group>"; };
		71E9317C14BA22630093C709 /* runner.png */ = {isa = PBXFileReference; lastKnownFileType = image.png; path = runner.png; sourceTree = "<group>"; };
/* End PBXFileReference section */

/* Begin PBXFrameworksBuildPhase section */
		71E9315214B9F3AE0093C709 /* Frameworks */ = {
			isa = PBXFrameworksBuildPhase;
			buildActionMask = 2147483647;
			files = (
				71E9315A14B9F3AE0093C709 /* UIKit.framework in Frameworks */,
				71E9315C14B9F3AE0093C709 /* Foundation.framework in Frameworks */,
				71E9315E14B9F3AE0093C709 /* CoreGraphics.framework in Frameworks */,
			);
			runOnlyForDeploymentPostprocessing = 0;
		};
/* End PBXFrameworksBuildPhase section */

/* Begin PBXGroup section */
		71E9314A14B9F3AD0093C709 = {
			isa = PBXGroup;
			children = (
				71E9317C14BA22630093C709 /* runner.png */,
				71E9315F14B9F3AE0093C709 /* RunningCalculator */,
				71E9315814B9F3AE0093C709 /* Frameworks */,
				71E9315614B9F3AE0093C709 /* Products */,
			);
			sourceTree = "<group>";
		};
		71E9315614B9F3AE0093C709 /* Products */ = {
			isa = PBXGroup;
			children = (
				71E9315514B9F3AE0093C709 /* RunningCalculator.app */,
			);
			name = Products;
			sourceTree = "<group>";
		};
		71E9315814B9F3AE0093C709 /* Frameworks */ = {
			isa = PBXGroup;
			children = (
				71E9315914B9F3AE0093C709 /* UIKit.framework */,
				71E9315B14B9F3AE0093C709 /* Foundation.framework */,
				71E9315D14B9F3AE0093C709 /* CoreGraphics.framework */,
			);
			name = Frameworks;
			sourceTree = "<group>";
		};
		71E9315F14B9F3AE0093C709 /* RunningCalculator */ = {
			isa = PBXGroup;
			children = (
				71E9316814B9F3AE0093C709 /* RunCalcAppDelegate.h */,
				71E9316914B9F3AE0093C709 /* RunCalcAppDelegate.m */,
				71E9316B14B9F3AE0093C709 /* MainStoryboard.storyboard */,
				71E9316E14B9F3AE0093C709 /* RunCalcMasterViewController.h */,
				71E9316F14B9F3AE0093C709 /* RunCalcMasterViewController.m */,
				710D489B14BCEB75001DACCA /* TrainingPaceDetailViewController.h */,
				710D489C14BCEB75001DACCA /* TrainingPaceDetailViewController.m */,
				71E9316014B9F3AE0093C709 /* Supporting Files */,
			);
			path = RunningCalculator;
			sourceTree = "<group>";
		};
		71E9316014B9F3AE0093C709 /* Supporting Files */ = {
			isa = PBXGroup;
			children = (
				71E9316114B9F3AE0093C709 /* RunningCalculator-Info.plist */,
				71E9316214B9F3AE0093C709 /* InfoPlist.strings */,
				71E9316514B9F3AE0093C709 /* main.m */,
				71E9316714B9F3AE0093C709 /* RunningCalculator-Prefix.pch */,
			);
			name = "Supporting Files";
			sourceTree = "<group>";
		};
/* End PBXGroup section */

/* Begin PBXNativeTarget section */
		71E9315414B9F3AE0093C709 /* RunningCalculator */ = {
			isa = PBXNativeTarget;
			buildConfigurationList = 71E9317614B9F3AE0093C709 /* Build configuration list for PBXNativeTarget "RunningCalculator" */;
			buildPhases = (
				71E9315114B9F3AE0093C709 /* Sources */,
				71E9315214B9F3AE0093C709 /* Frameworks */,
				71E9315314B9F3AE0093C709 /* Resources */,
			);
			buildRules = (
			);
			dependencies = (
			);
			name = RunningCalculator;
			productName = RunningCalculator;
			productReference = 71E9315514B9F3AE0093C709 /* RunningCalculator.app */;
			productType = "com.apple.product-type.application";
		};
/* End PBXNativeTarget section */

/* Begin PBXProject section */
		71E9314C14B9F3AD0093C709 /* Project object */ = {
			isa = PBXProject;
			attributes = {
				LastUpgradeCheck = 0420;
				ORGANIZATIONNAME = "Artran Ltd";
			};
			buildConfigurationList = 71E9314F14B9F3AD0093C709 /* Build configuration list for PBXProject "RunningCalculator" */;
			compatibilityVersion = "Xcode 3.2";
			developmentRegion = English;
			hasScannedForEncodings = 0;
			knownRegions = (
				en,
			);
			mainGroup = 71E9314A14B9F3AD0093C709;
			productRefGroup = 71E9315614B9F3AE0093C709 /* Products */;
			projectDirPath = "";
			projectRoot = "";
			targets = (
				71E9315414B9F3AE0093C709 /* RunningCalculator */,
			);
		};
/* End PBXProject section */

/* Begin PBXResourcesBuildPhase section */
		71E9315314B9F3AE0093C709 /* Resources */ = {
			isa = PBXResourcesBuildPhase;
			buildActionMask = 2147483647;
			files = (
				71E9316414B9F3AE0093C709 /* InfoPlist.strings in Resources */,
				71E9316D14B9F3AE0093C709 /* MainStoryboard.storyboard in Resources */,
				71E9317D14BA22630093C709 /* runner.png in Resources */,
			);
			runOnlyForDeploymentPostprocessing = 0;
		};
/* End PBXResourcesBuildPhase section */

/* Begin PBXSourcesBuildPhase section */
		71E9315114B9F3AE0093C709 /* Sources */ = {
			isa = PBXSourcesBuildPhase;
			buildActionMask = 2147483647;
			files = (
				71E9316614B9F3AE0093C709 /* main.m in Sources */,
				71E9316A14B9F3AE0093C709 /* RunCalcAppDelegate.m in Sources */,
				71E9317014B9F3AE0093C709 /* RunCalcMasterViewController.m in Sources */,
				710D489D14BCEB76001DACCA /* TrainingPaceDetailViewController.m in Sources */,
			);
			runOnlyForDeploymentPostprocessing = 0;
		};
/* End PBXSourcesBuildPhase section */

/* Begin PBXVariantGroup section */
		71E9316214B9F3AE0093C709 /* InfoPlist.strings */ = {
			isa = PBXVariantGroup;
			children = (
				71E9316314B9F3AE0093C709 /* en */,
			);
			name = InfoPlist.strings;
			sourceTree = "<group>";
		};
		71E9316B14B9F3AE0093C709 /* MainStoryboard.storyboard */ = {
			isa = PBXVariantGroup;
			children = (
				71E9316C14B9F3AE0093C709 /* en */,
			);
			name = MainStoryboard.storyboard;
			sourceTree = "<group>";
		};
/* End PBXVariantGroup section */

/* Begin XCBuildConfiguration section */
		71E9317414B9F3AE0093C709 /* Debug */ = {
			isa = XCBuildConfiguration;
			buildSettings = {
				ALWAYS_SEARCH_USER_PATHS = NO;
				ARCHS = "$(ARCHS_STANDARD_32_BIT)";
				CLANG_ENABLE_OBJC_ARC = YES;
				"CODE_SIGN_IDENTITY[sdk=iphoneos*]" = "iPhone Developer";
				COPY_PHASE_STRIP = NO;
				GCC_C_LANGUAGE_STANDARD = gnu99;
				GCC_DYNAMIC_NO_PIC = NO;
				GCC_OPTIMIZATION_LEVEL = 0;
				GCC_PREPROCESSOR_DEFINITIONS = (
					"DEBUG=1",
					"$(inherited)",
				);
				GCC_SYMBOLS_PRIVATE_EXTERN = NO;
				GCC_VERSION = com.apple.compilers.llvm.clang.1_0;
				GCC_WARN_ABOUT_MISSING_PROTOTYPES = YES;
				GCC_WARN_ABOUT_RETURN_TYPE = YES;
				GCC_WARN_UNUSED_VARIABLE = YES;
				IPHONEOS_DEPLOYMENT_TARGET = 5.0;
				SDKROOT = iphoneos;
				TARGETED_DEVICE_FAMILY = 2;
			};
			name = Debug;
		};
		71E9317514B9F3AE0093C709 /* Release */ = {
			isa = XCBuildConfiguration;
			buildSettings = {
				ALWAYS_SEARCH_USER_PATHS = NO;
				ARCHS = "$(ARCHS_STANDARD_32_BIT)";
				CLANG_ENABLE_OBJC_ARC = YES;
				"CODE_SIGN_IDENTITY[sdk=iphoneos*]" = "iPhone Developer";
				COPY_PHASE_STRIP = YES;
				GCC_C_LANGUAGE_STANDARD = gnu99;
				GCC_VERSION = com.apple.compilers.llvm.clang.1_0;
				GCC_WARN_ABOUT_MISSING_PROTOTYPES = YES;
				GCC_WARN_ABOUT_RETURN_TYPE = YES;
				GCC_WARN_UNUSED_VARIABLE = YES;
				IPHONEOS_DEPLOYMENT_TARGET = 5.0;
				OTHER_CFLAGS = "-DNS_BLOCK_ASSERTIONS=1";
				SDKROOT = iphoneos;
				TARGETED_DEVICE_FAMILY = 2;
				VALIDATE_PRODUCT = YES;
			};
			name = Release;
		};
		71E9317714B9F3AE0093C709 /* Debug */ = {
			isa = XCBuildConfiguration;
			buildSettings = {
				GCC_PRECOMPILE_PREFIX_HEADER = YES;
				GCC_PREFIX_HEADER = "RunningCalculator/RunningCalculator-Prefix.pch";
				INFOPLIST_FILE = "RunningCalculator/RunningCalculator-Info.plist";
				PRODUCT_NAME = "$(TARGET_NAME)";
				WRAPPER_EXTENSION = app;
			};
			name = Debug;
		};
		71E9317814B9F3AE0093C709 /* Release */ = {
			isa = XCBuildConfiguration;
			buildSettings = {
				GCC_PRECOMPILE_PREFIX_HEADER = YES;
				GCC_PREFIX_HEADER = "RunningCalculator/RunningCalculator-Prefix.pch";
				INFOPLIST_FILE = "RunningCalculator/RunningCalculator-Info.plist";
				PRODUCT_NAME = "$(TARGET_NAME)";
				WRAPPER_EXTENSION = app;
			};
			name = Release;
		};
/* End XCBuildConfiguration section */

/* Begin XCConfigurationList section */
		71E9314F14B9F3AD0093C709 /* Build configuration list for PBXProject "RunningCalculator" */ = {
			isa = XCConfigurationList;
			buildConfigurations = (
				71E9317414B9F3AE0093C709 /* Debug */,
				71E9317514B9F3AE0093C709 /* Release */,
			);
			defaultConfigurationIsVisible = 0;
			defaultConfigurationName = Release;
		};
		71E9317614B9F3AE0093C709 /* Build configuration list for PBXNativeTarget "RunningCalculator" */ = {
			isa = XCConfigurationList;
			buildConfigurations = (
				71E9317714B9F3AE0093C709 /* Debug */,
				71E9317814B9F3AE0093C709 /* Release */,
			);
			defaultConfigurationIsVisible = 0;
			defaultConfigurationName = Release;
		};
/* End XCConfigurationList section */
	};
	rootObject = 71E9314C14B9F3AD0093C709 /* Project object */;
}
