// !$*UTF8*$!
{
	archiveVersion = 1;
	classes = {
	};
	objectVersion = 46;
	objects = {

/* Begin PBXBuildFile section */
		710D489D14BCEB76001DACCA /* TrainingPaceDetailViewController.m in Sources */ = {isa = PBXBuildFile; fileRef = 710D489C14BCEB75001DACCA /* TrainingPaceDetailViewController.m */; };
		713F4B7814DD821100728173 /* SenTestingKit.framework in Frameworks */ = {isa = PBXBuildFile; fileRef = 713F4B7714DD821100728173 /* SenTestingKit.framework */; };
		713F4B7914DD821100728173 /* UIKit.framework in Frameworks */ = {isa = PBXBuildFile; fileRef = 71E9315914B9F3AE0093C709 /* UIKit.framework */; };
		713F4B7A14DD821100728173 /* Foundation.framework in Frameworks */ = {isa = PBXBuildFile; fileRef = 71E9315B14B9F3AE0093C709 /* Foundation.framework */; };
		713F4B8014DD821100728173 /* InfoPlist.strings in Resources */ = {isa = PBXBuildFile; fileRef = 713F4B7E14DD821100728173 /* InfoPlist.strings */; };
		713F4B8314DD821100728173 /* RunCalcMathsTests.m in Sources */ = {isa = PBXBuildFile; fileRef = 713F4B8214DD821100728173 /* RunCalcMathsTests.m */; };
		713F4B8D14DD9CF500728173 /* RunCalcMaths.m in Sources */ = {isa = PBXBuildFile; fileRef = 713F4B8C14DD9CF500728173 /* RunCalcMaths.m */; };
		71B4B35B14D461600093F065 /* explainPaceCalculator.html in Resources */ = {isa = PBXBuildFile; fileRef = 71B4B35A14D461600093F065 /* explainPaceCalculator.html */; };
		71B4B35E14D4749B0093F065 /* explainRacePredictor.html in Resources */ = {isa = PBXBuildFile; fileRef = 71B4B35D14D4749B0093F065 /* explainRacePredictor.html */; };
		71E9315A14B9F3AE0093C709 /* UIKit.framework in Frameworks */ = {isa = PBXBuildFile; fileRef = 71E9315914B9F3AE0093C709 /* UIKit.framework */; };
		71E9315C14B9F3AE0093C709 /* Foundation.framework in Frameworks */ = {isa = PBXBuildFile; fileRef = 71E9315B14B9F3AE0093C709 /* Foundation.framework */; };
		71E9315E14B9F3AE0093C709 /* CoreGraphics.framework in Frameworks */ = {isa = PBXBuildFile; fileRef = 71E9315D14B9F3AE0093C709 /* CoreGraphics.framework */; };
		71E9316414B9F3AE0093C709 /* InfoPlist.strings in Resources */ = {isa = PBXBuildFile; fileRef = 71E9316214B9F3AE0093C709 /* InfoPlist.strings */; };
		71E9316614B9F3AE0093C709 /* main.m in Sources */ = {isa = PBXBuildFile; fileRef = 71E9316514B9F3AE0093C709 /* main.m */; };
		71E9316A14B9F3AE0093C709 /* RunCalcAppDelegate.m in Sources */ = {isa = PBXBuildFile; fileRef = 71E9316914B9F3AE0093C709 /* RunCalcAppDelegate.m */; };
		71E9316D14B9F3AE0093C709 /* MainStoryboard.storyboard in Resources */ = {isa = PBXBuildFile; fileRef = 71E9316B14B9F3AE0093C709 /* MainStoryboard.storyboard */; };
		71E9317014B9F3AE0093C709 /* RunCalcMasterViewController.m in Sources */ = {isa = PBXBuildFile; fileRef = 71E9316F14B9F3AE0093C709 /* RunCalcMasterViewController.m */; };
		71E9317D14BA22630093C709 /* runner.png in Resources */ = {isa = PBXBuildFile; fileRef = 71E9317C14BA22630093C709 /* runner.png */; };
		71ECACD914C1E64B00F09566 /* RunCalcExplanationViewController.m in Sources */ = {isa = PBXBuildFile; fileRef = 71ECACD814C1E64B00F09566 /* RunCalcExplanationViewController.m */; };
		71ECACDC14C1E7EA00F09566 /* PredictRaceDetailViewController.m in Sources */ = {isa = PBXBuildFile; fileRef = 71ECACDB14C1E7EA00F09566 /* PredictRaceDetailViewController.m */; };
/* End PBXBuildFile section */

/* Begin PBXContainerItemProxy section */
		713F4B8914DD823900728173 /* PBXContainerItemProxy */ = {
			isa = PBXContainerItemProxy;
			containerPortal = 71E9314C14B9F3AD0093C709 /* Project object */;
			proxyType = 1;
			remoteGlobalIDString = 71E9315414B9F3AE0093C709;
			remoteInfo = RunningCalculator;
		};
/* End PBXContainerItemProxy section */

/* Begin PBXFileReference section */
		710D489B14BCEB75001DACCA /* TrainingPaceDetailViewController.h */ = {isa = PBXFileReference; fileEncoding = 4; lastKnownFileType = sourcecode.c.h; path = TrainingPaceDetailViewController.h; sourceTree = "<group>"; };
		710D489C14BCEB75001DACCA /* TrainingPaceDetailViewController.m */ = {isa = PBXFileReference; fileEncoding = 4; lastKnownFileType = sourcecode.c.objc; path = TrainingPaceDetailViewController.m; sourceTree = "<group>"; };
		713F4B7614DD821100728173 /* RunCalcTests.octest */ = {isa = PBXFileReference; explicitFileType = wrapper.cfbundle; includeInIndex = 0; path = RunCalcTests.octest; sourceTree = BUILT_PRODUCTS_DIR; };
		713F4B7714DD821100728173 /* SenTestingKit.framework */ = {isa = PBXFileReference; lastKnownFileType = wrapper.framework; name = SenTestingKit.framework; path = Library/Frameworks/SenTestingKit.framework; sourceTree = DEVELOPER_DIR; };
		713F4B7D14DD821100728173 /* RunCalcTests-Info.plist */ = {isa = PBXFileReference; lastKnownFileType = text.plist.xml; path = "RunCalcTests-Info.plist"; sourceTree = "<group>"; };
		713F4B7F14DD821100728173 /* en */ = {isa = PBXFileReference; lastKnownFileType = text.plist.strings; name = en; path = en.lproj/InfoPlist.strings; sourceTree = "<group>"; };
		713F4B8114DD821100728173 /* RunCalcMathsTests.h */ = {isa = PBXFileReference; path = RunCalcMathsTests.h; sourceTree = "<group>"; };
		713F4B8214DD821100728173 /* RunCalcMathsTests.m */ = {isa = PBXFileReference; lastKnownFileType = sourcecode.c.objc; path = RunCalcMathsTests.m; sourceTree = "<group>"; };
		713F4B8414DD821100728173 /* RunCalcTests-Prefix.pch */ = {isa = PBXFileReference; lastKnownFileType = sourcecode.c.h; path = "RunCalcTests-Prefix.pch"; sourceTree = "<group>"; };
		713F4B8B14DD9CF500728173 /* RunCalcMaths.h */ = {isa = PBXFileReference; fileEncoding = 4; lastKnownFileType = sourcecode.c.h; name = RunCalcMaths.h; path = ../RunCalcTests/RunCalcMaths.h; sourceTree = "<group>"; };
		713F4B8C14DD9CF500728173 /* RunCalcMaths.m */ = {isa = PBXFileReference; fileEncoding = 4; lastKnownFileType = sourcecode.c.objc; name = RunCalcMaths.m; path = ../RunCalcTests/RunCalcMaths.m; sourceTree = "<group>"; };
		71B4B35A14D461600093F065 /* explainPaceCalculator.html */ = {isa = PBXFileReference; fileEncoding = 4; lastKnownFileType = text.html; path = explainPaceCalculator.html; sourceTree = "<group>"; };
		71B4B35D14D4749B0093F065 /* explainRacePredictor.html */ = {isa = PBXFileReference; fileEncoding = 4; lastKnownFileType = text.html; path = explainRacePredictor.html; sourceTree = "<group>"; };
		71E9315514B9F3AE0093C709 /* RunningCalculator.app */ = {isa = PBXFileReference; explicitFileType = wrapper.application; includeInIndex = 0; path = RunningCalculator.app; sourceTree = BUILT_PRODUCTS_DIR; };
		71E9315914B9F3AE0093C709 /* UIKit.framework */ = {isa = PBXFileReference; lastKnownFileType = wrapper.framework; name = UIKit.framework; path = System/Library/Frameworks/UIKit.framework; sourceTree = SDKROOT; };
		71E9315B14B9F3AE0093C709 /* Foundation.framework */ = {isa = PBXFileReference; lastKnownFileType = wrapper.framework; name = Foundation.framework; path = System/Library/Frameworks/Foundation.framework; sourceTree = SDKROOT; };
		71E9315D14B9F3AE0093C709 /* CoreGraphics.framework */ = {isa = PBXFileReference; lastKnownFileType = wrapper.framework; name = CoreGraphics.framework; path = System/Library/Frameworks/CoreGraphics.framework; sourceTree = SDKROOT; };
		71E9316114B9F3AE0093C709 /* RunningCalculator-Info.plist */ = {isa = PBXFileReference; lastKnownFileType = text.plist.xml; path = "RunningCalculator-Info.plist"; sourceTree = "<group>"; };
		71E9316314B9F3AE0093C709 /* en */ = {isa = PBXFileReference; lastKnownFileType = text.plist.strings; name = en; path = en.lproj/InfoPlist.strings; sourceTree = "<group>"; };
		71E9316514B9F3AE0093C709 /* main.m */ = {isa = PBXFileReference; lastKnownFileType = sourcecode.c.objc; path = main.m; sourceTree = "<group>"; };
		71E9316714B9F3AE0093C709 /* RunningCalculator-Prefix.pch */ = {isa = PBXFileReference; lastKnownFileType = sourcecode.c.h; path = "RunningCalculator-Prefix.pch"; sourceTree = "<group>"; };
		71E9316814B9F3AE0093C709 /* RunCalcAppDelegate.h */ = {isa = PBXFileReference; lastKnownFileType = sourcecode.c.h; path = RunCalcAppDelegate.h; sourceTree = "<group>"; };
		71E9316914B9F3AE0093C709 /* RunCalcAppDelegate.m */ = {isa = PBXFileReference; lastKnownFileType = sourcecode.c.objc; path = RunCalcAppDelegate.m; sourceTree = "<group>"; };
		71E9316C14B9F3AE0093C709 /* en */ = {isa = PBXFileReference; lastKnownFileType = file.storyboard; name = en; path = en.lproj/MainStoryboard.storyboard; sourceTree = "<group>"; };
		71E9316E14B9F3AE0093C709 /* RunCalcMasterViewController.h */ = {isa = PBXFileReference; lastKnownFileType = sourcecode.c.h; path = RunCalcMasterViewController.h; sourceTree = "<group>"; };
		71E9316F14B9F3AE0093C709 /* RunCalcMasterViewController.m */ = {isa = PBXFileReference; lastKnownFileType = sourcecode.c.objc; path = RunCalcMasterViewController.m; sourceTree = "<group>"; };
		71E9317C14BA22630093C709 /* runner.png */ = {isa = PBXFileReference; lastKnownFileType = image.png; path = runner.png; sourceTree = "<group>"; };
		71ECACD714C1E64B00F09566 /* RunCalcExplanationViewController.h */ = {isa = PBXFileReference; fileEncoding = 4; lastKnownFileType = sourcecode.c.h; path = RunCalcExplanationViewController.h; sourceTree = "<group>"; };
		71ECACD814C1E64B00F09566 /* RunCalcExplanationViewController.m */ = {isa = PBXFileReference; fileEncoding = 4; lastKnownFileType = sourcecode.c.objc; path = RunCalcExplanationViewController.m; sourceTree = "<group>"; };
		71ECACDA14C1E7EA00F09566 /* PredictRaceDetailViewController.h */ = {isa = PBXFileReference; fileEncoding = 4; lastKnownFileType = sourcecode.c.h; path = PredictRaceDetailViewController.h; sourceTree = "<group>"; };
		71ECACDB14C1E7EA00F09566 /* PredictRaceDetailViewController.m */ = {isa = PBXFileReference; fileEncoding = 4; lastKnownFileType = sourcecode.c.objc; path = PredictRaceDetailViewController.m; sourceTree = "<group>"; };
/* End PBXFileReference section */

/* Begin PBXFrameworksBuildPhase section */
		713F4B7214DD821100728173 /* Frameworks */ = {
			isa = PBXFrameworksBuildPhase;
			buildActionMask = 2147483647;
			files = (
				713F4B7814DD821100728173 /* SenTestingKit.framework in Frameworks */,
				713F4B7914DD821100728173 /* UIKit.framework in Frameworks */,
				713F4B7A14DD821100728173 /* Foundation.framework in Frameworks */,
			);
			runOnlyForDeploymentPostprocessing = 0;
		};
		71E9315214B9F3AE0093C709 /* Frameworks */ = {
			isa = PBXFrameworksBuildPhase;
			buildActionMask = 2147483647;
			files = (
				71E9315A14B9F3AE0093C709 /* UIKit.framework in Frameworks */,
				71E9315C14B9F3AE0093C709 /* Foundation.framework in Frameworks */,
				71E9315E14B9F3AE0093C709 /* CoreGraphics.framework in Frameworks */,
			);
			runOnlyForDeploymentPostprocessing = 0;
		};
/* End PBXFrameworksBuildPhase section */

/* Begin PBXGroup section */
		713F4B7B14DD821100728173 /* RunCalcTests */ = {
			isa = PBXGroup;
			children = (
				713F4B8114DD821100728173 /* RunCalcMathsTests.h */,
				713F4B8214DD821100728173 /* RunCalcMathsTests.m */,
				713F4B7C14DD821100728173 /* Supporting Files */,
			);
			path = RunCalcTests;
			sourceTree = "<group>";
		};
		713F4B7C14DD821100728173 /* Supporting Files */ = {
			isa = PBXGroup;
			children = (
				713F4B7D14DD821100728173 /* RunCalcTests-Info.plist */,
				713F4B7E14DD821100728173 /* InfoPlist.strings */,
				713F4B8414DD821100728173 /* RunCalcTests-Prefix.pch */,
			);
			name = "Supporting Files";
			sourceTree = "<group>";
		};
		719C673C14D5E88D0043A823 /* Explanations */ = {
			isa = PBXGroup;
			children = (
				71B4B35A14D461600093F065 /* explainPaceCalculator.html */,
				71B4B35D14D4749B0093F065 /* explainRacePredictor.html */,
			);
			name = Explanations;
			sourceTree = "<group>";
		};
		71E9314A14B9F3AD0093C709 = {
			isa = PBXGroup;
			children = (
				71E9317C14BA22630093C709 /* runner.png */,
				71E9315F14B9F3AE0093C709 /* RunningCalculator */,
				713F4B7B14DD821100728173 /* RunCalcTests */,
				71E9315814B9F3AE0093C709 /* Frameworks */,
				71E9315614B9F3AE0093C709 /* Products */,
			);
			sourceTree = "<group>";
		};
		71E9315614B9F3AE0093C709 /* Products */ = {
			isa = PBXGroup;
			children = (
				71E9315514B9F3AE0093C709 /* RunningCalculator.app */,
				713F4B7614DD821100728173 /* RunCalcTests.octest */,
			);
			name = Products;
			sourceTree = "<group>";
		};
		71E9315814B9F3AE0093C709 /* Frameworks */ = {
			isa = PBXGroup;
			children = (
				71E9315914B9F3AE0093C709 /* UIKit.framework */,
				71E9315B14B9F3AE0093C709 /* Foundation.framework */,
				71E9315D14B9F3AE0093C709 /* CoreGraphics.framework */,
				713F4B7714DD821100728173 /* SenTestingKit.framework */,
			);
			name = Frameworks;
			sourceTree = "<group>";
		};
		71E9315F14B9F3AE0093C709 /* RunningCalculator */ = {
			isa = PBXGroup;
			children = (
				71E9316814B9F3AE0093C709 /* RunCalcAppDelegate.h */,
				71E9316914B9F3AE0093C709 /* RunCalcAppDelegate.m */,
				71E9316B14B9F3AE0093C709 /* MainStoryboard.storyboard */,
				71ECACDA14C1E7EA00F09566 /* PredictRaceDetailViewController.h */,
				71ECACDB14C1E7EA00F09566 /* PredictRaceDetailViewController.m */,
				71ECACD714C1E64B00F09566 /* RunCalcExplanationViewController.h */,
				71ECACD814C1E64B00F09566 /* RunCalcExplanationViewController.m */,
				71E9316E14B9F3AE0093C709 /* RunCalcMasterViewController.h */,
				71E9316F14B9F3AE0093C709 /* RunCalcMasterViewController.m */,
				710D489B14BCEB75001DACCA /* TrainingPaceDetailViewController.h */,
				710D489C14BCEB75001DACCA /* TrainingPaceDetailViewController.m */,
				713F4B8B14DD9CF500728173 /* RunCalcMaths.h */,
				713F4B8C14DD9CF500728173 /* RunCalcMaths.m */,
				719C673C14D5E88D0043A823 /* Explanations */,
				71E9316014B9F3AE0093C709 /* Supporting Files */,
			);
			path = RunningCalculator;
			sourceTree = "<group>";
		};
		71E9316014B9F3AE0093C709 /* Supporting Files */ = {
			isa = PBXGroup;
			children = (
				71E9316114B9F3AE0093C709 /* RunningCalculator-Info.plist */,
				71E9316214B9F3AE0093C709 /* InfoPlist.strings */,
				71E9316514B9F3AE0093C709 /* main.m */,
				71E9316714B9F3AE0093C709 /* RunningCalculator-Prefix.pch */,
			);
			name = "Supporting Files";
			sourceTree = "<group>";
		};
/* End PBXGroup section */

/* Begin PBXNativeTarget section */
		713F4B7514DD821100728173 /* RunCalcTests */ = {
			isa = PBXNativeTarget;
			buildConfigurationList = 713F4B8714DD821100728173 /* Build configuration list for PBXNativeTarget "RunCalcTests" */;
			buildPhases = (
				713F4B7114DD821100728173 /* Sources */,
				713F4B7214DD821100728173 /* Frameworks */,
				713F4B7314DD821100728173 /* Resources */,
				713F4B7414DD821100728173 /* ShellScript */,
			);
			buildRules = (
			);
			dependencies = (
				713F4B8A14DD823900728173 /* PBXTargetDependency */,
			);
			name = RunCalcTests;
			productName = RunCalcTests;
			productReference = 713F4B7614DD821100728173 /* RunCalcTests.octest */;
			productType = "com.apple.product-type.bundle";
		};
		71E9315414B9F3AE0093C709 /* RunningCalculator */ = {
			isa = PBXNativeTarget;
			buildConfigurationList = 71E9317614B9F3AE0093C709 /* Build configuration list for PBXNativeTarget "RunningCalculator" */;
			buildPhases = (
				71E9315114B9F3AE0093C709 /* Sources */,
				71E9315214B9F3AE0093C709 /* Frameworks */,
				71E9315314B9F3AE0093C709 /* Resources */,
			);
			buildRules = (
			);
			dependencies = (
			);
			name = RunningCalculator;
			productName = RunningCalculator;
			productReference = 71E9315514B9F3AE0093C709 /* RunningCalculator.app */;
			productType = "com.apple.product-type.application";
		};
/* End PBXNativeTarget section */

/* Begin PBXProject section */
		71E9314C14B9F3AD0093C709 /* Project object */ = {
			isa = PBXProject;
			attributes = {
				LastUpgradeCheck = 0420;
				ORGANIZATIONNAME = "Artran Ltd";
			};
			buildConfigurationList = 71E9314F14B9F3AD0093C709 /* Build configuration list for PBXProject "RunningCalculator" */;
			compatibilityVersion = "Xcode 3.2";
			developmentRegion = English;
			hasScannedForEncodings = 0;
			knownRegions = (
				en,
			);
			mainGroup = 71E9314A14B9F3AD0093C709;
			productRefGroup = 71E9315614B9F3AE0093C709 /* Products */;
			projectDirPath = "";
			projectRoot = "";
			targets = (
				71E9315414B9F3AE0093C709 /* RunningCalculator */,
				713F4B7514DD821100728173 /* RunCalcTests */,
			);
		};
/* End PBXProject section */

/* Begin PBXResourcesBuildPhase section */
		713F4B7314DD821100728173 /* Resources */ = {
			isa = PBXResourcesBuildPhase;
			buildActionMask = 2147483647;
			files = (
				713F4B8014DD821100728173 /* InfoPlist.strings in Resources */,
			);
			runOnlyForDeploymentPostprocessing = 0;
		};
		71E9315314B9F3AE0093C709 /* Resources */ = {
			isa = PBXResourcesBuildPhase;
			buildActionMask = 2147483647;
			files = (
				71E9316414B9F3AE0093C709 /* InfoPlist.strings in Resources */,
				71E9316D14B9F3AE0093C709 /* MainStoryboard.storyboard in Resources */,
				71E9317D14BA22630093C709 /* runner.png in Resources */,
				71B4B35B14D461600093F065 /* explainPaceCalculator.html in Resources */,
				71B4B35E14D4749B0093F065 /* explainRacePredictor.html in Resources */,
			);
			runOnlyForDeploymentPostprocessing = 0;
		};
/* End PBXResourcesBuildPhase section */

/* Begin PBXShellScriptBuildPhase section */
		713F4B7414DD821100728173 /* ShellScript */ = {
			isa = PBXShellScriptBuildPhase;
			buildActionMask = 2147483647;
			files = (
			);
			inputPaths = (
			);
			outputPaths = (
			);
			runOnlyForDeploymentPostprocessing = 0;
			shellPath = /bin/sh;
			shellScript = "# Run the unit tests in this test bundle.\n\"${SYSTEM_DEVELOPER_DIR}/Tools/RunUnitTests\"\n";
		};
/* End PBXShellScriptBuildPhase section */

/* Begin PBXSourcesBuildPhase section */
		713F4B7114DD821100728173 /* Sources */ = {
			isa = PBXSourcesBuildPhase;
			buildActionMask = 2147483647;
			files = (
				713F4B8314DD821100728173 /* RunCalcMathsTests.m in Sources */,
			);
			runOnlyForDeploymentPostprocessing = 0;
		};
		71E9315114B9F3AE0093C709 /* Sources */ = {
			isa = PBXSourcesBuildPhase;
			buildActionMask = 2147483647;
			files = (
				71E9316614B9F3AE0093C709 /* main.m in Sources */,
				71E9316A14B9F3AE0093C709 /* RunCalcAppDelegate.m in Sources */,
				71E9317014B9F3AE0093C709 /* RunCalcMasterViewController.m in Sources */,
				710D489D14BCEB76001DACCA /* TrainingPaceDetailViewController.m in Sources */,
				71ECACD914C1E64B00F09566 /* RunCalcExplanationViewController.m in Sources */,
				71ECACDC14C1E7EA00F09566 /* PredictRaceDetailViewController.m in Sources */,
				713F4B8D14DD9CF500728173 /* RunCalcMaths.m in Sources */,
			);
			runOnlyForDeploymentPostprocessing = 0;
		};
/* End PBXSourcesBuildPhase section */

/* Begin PBXTargetDependency section */
		713F4B8A14DD823900728173 /* PBXTargetDependency */ = {
			isa = PBXTargetDependency;
			target = 71E9315414B9F3AE0093C709 /* RunningCalculator */;
			targetProxy = 713F4B8914DD823900728173 /* PBXContainerItemProxy */;
		};
/* End PBXTargetDependency section */

/* Begin PBXVariantGroup section */
		713F4B7E14DD821100728173 /* InfoPlist.strings */ = {
			isa = PBXVariantGroup;
			children = (
				713F4B7F14DD821100728173 /* en */,
			);
			name = InfoPlist.strings;
			sourceTree = "<group>";
		};
		71E9316214B9F3AE0093C709 /* InfoPlist.strings */ = {
			isa = PBXVariantGroup;
			children = (
				71E9316314B9F3AE0093C709 /* en */,
			);
			name = InfoPlist.strings;
			sourceTree = "<group>";
		};
		71E9316B14B9F3AE0093C709 /* MainStoryboard.storyboard */ = {
			isa = PBXVariantGroup;
			children = (
				71E9316C14B9F3AE0093C709 /* en */,
			);
			name = MainStoryboard.storyboard;
			sourceTree = "<group>";
		};
/* End PBXVariantGroup section */

/* Begin XCBuildConfiguration section */
		713F4B8514DD821100728173 /* Debug */ = {
			isa = XCBuildConfiguration;
			buildSettings = {
				BUNDLE_LOADER = "$(BUILT_PRODUCTS_DIR)/RunningCalculator.app/RunningCalculator";
				FRAMEWORK_SEARCH_PATHS = (
					"$(SDKROOT)/Developer/Library/Frameworks",
					"$(DEVELOPER_LIBRARY_DIR)/Frameworks",
				);
				GCC_PRECOMPILE_PREFIX_HEADER = YES;
				GCC_PREFIX_HEADER = "RunCalcTests/RunCalcTests-Prefix.pch";
				INFOPLIST_FILE = "RunCalcTests/RunCalcTests-Info.plist";
				PRODUCT_NAME = "$(TARGET_NAME)";
				TEST_HOST = "$(BUNDLE_LOADER)";
				WRAPPER_EXTENSION = octest;
			};
			name = Debug;
		};
		713F4B8614DD821100728173 /* Release */ = {
			isa = XCBuildConfiguration;
			buildSettings = {
				BUNDLE_LOADER = "$(BUILT_PRODUCTS_DIR)/RunningCalculator.app/RunningCalculator";
				FRAMEWORK_SEARCH_PATHS = (
					"$(SDKROOT)/Developer/Library/Frameworks",
					"$(DEVELOPER_LIBRARY_DIR)/Frameworks",
				);
				GCC_PRECOMPILE_PREFIX_HEADER = YES;
				GCC_PREFIX_HEADER = "RunCalcTests/RunCalcTests-Prefix.pch";
				INFOPLIST_FILE = "RunCalcTests/RunCalcTests-Info.plist";
				PRODUCT_NAME = "$(TARGET_NAME)";
				TEST_HOST = "$(BUNDLE_LOADER)";
				WRAPPER_EXTENSION = octest;
			};
			name = Release;
		};
		71E9317414B9F3AE0093C709 /* Debug */ = {
			isa = XCBuildConfiguration;
			buildSettings = {
				ALWAYS_SEARCH_USER_PATHS = NO;
				ARCHS = "$(ARCHS_STANDARD_32_BIT)";
				CLANG_ENABLE_OBJC_ARC = YES;
				"CODE_SIGN_IDENTITY[sdk=iphoneos*]" = "iPhone Developer";
				COPY_PHASE_STRIP = NO;
				GCC_C_LANGUAGE_STANDARD = gnu99;
				GCC_DYNAMIC_NO_PIC = NO;
				GCC_OPTIMIZATION_LEVEL = 0;
				GCC_PREPROCESSOR_DEFINITIONS = (
					"DEBUG=1",
					"$(inherited)",
				);
				GCC_SYMBOLS_PRIVATE_EXTERN = NO;
				GCC_VERSION = com.apple.compilers.llvm.clang.1_0;
				GCC_WARN_ABOUT_MISSING_PROTOTYPES = YES;
				GCC_WARN_ABOUT_RETURN_TYPE = YES;
				GCC_WARN_UNUSED_VARIABLE = YES;
				IPHONEOS_DEPLOYMENT_TARGET = 5.0;
				SDKROOT = iphoneos;
				TARGETED_DEVICE_FAMILY = 2;
			};
			name = Debug;
		};
		71E9317514B9F3AE0093C709 /* Release */ = {
			isa = XCBuildConfiguration;
			buildSettings = {
				ALWAYS_SEARCH_USER_PATHS = NO;
				ARCHS = "$(ARCHS_STANDARD_32_BIT)";
				CLANG_ENABLE_OBJC_ARC = YES;
				"CODE_SIGN_IDENTITY[sdk=iphoneos*]" = "iPhone Developer";
				COPY_PHASE_STRIP = YES;
				GCC_C_LANGUAGE_STANDARD = gnu99;
				GCC_VERSION = com.apple.compilers.llvm.clang.1_0;
				GCC_WARN_ABOUT_MISSING_PROTOTYPES = YES;
				GCC_WARN_ABOUT_RETURN_TYPE = YES;
				GCC_WARN_UNUSED_VARIABLE = YES;
				IPHONEOS_DEPLOYMENT_TARGET = 5.0;
				OTHER_CFLAGS = "-DNS_BLOCK_ASSERTIONS=1";
				SDKROOT = iphoneos;
				TARGETED_DEVICE_FAMILY = 2;
				VALIDATE_PRODUCT = YES;
			};
			name = Release;
		};
		71E9317714B9F3AE0093C709 /* Debug */ = {
			isa = XCBuildConfiguration;
			buildSettings = {
				GCC_PRECOMPILE_PREFIX_HEADER = YES;
				GCC_PREFIX_HEADER = "RunningCalculator/RunningCalculator-Prefix.pch";
				INFOPLIST_FILE = "RunningCalculator/RunningCalculator-Info.plist";
				PRODUCT_NAME = "$(TARGET_NAME)";
				WRAPPER_EXTENSION = app;
			};
			name = Debug;
		};
		71E9317814B9F3AE0093C709 /* Release */ = {
			isa = XCBuildConfiguration;
			buildSettings = {
				GCC_PRECOMPILE_PREFIX_HEADER = YES;
				GCC_PREFIX_HEADER = "RunningCalculator/RunningCalculator-Prefix.pch";
				INFOPLIST_FILE = "RunningCalculator/RunningCalculator-Info.plist";
				PRODUCT_NAME = "$(TARGET_NAME)";
				WRAPPER_EXTENSION = app;
			};
			name = Release;
		};
/* End XCBuildConfiguration section */

/* Begin XCConfigurationList section */
		713F4B8714DD821100728173 /* Build configuration list for PBXNativeTarget "RunCalcTests" */ = {
			isa = XCConfigurationList;
			buildConfigurations = (
				713F4B8514DD821100728173 /* Debug */,
				713F4B8614DD821100728173 /* Release */,
			);
			defaultConfigurationIsVisible = 0;
		};
		71E9314F14B9F3AD0093C709 /* Build configuration list for PBXProject "RunningCalculator" */ = {
			isa = XCConfigurationList;
			buildConfigurations = (
				71E9317414B9F3AE0093C709 /* Debug */,
				71E9317514B9F3AE0093C709 /* Release */,
			);
			defaultConfigurationIsVisible = 0;
			defaultConfigurationName = Release;
		};
		71E9317614B9F3AE0093C709 /* Build configuration list for PBXNativeTarget "RunningCalculator" */ = {
			isa = XCConfigurationList;
			buildConfigurations = (
				71E9317714B9F3AE0093C709 /* Debug */,
				71E9317814B9F3AE0093C709 /* Release */,
			);
			defaultConfigurationIsVisible = 0;
			defaultConfigurationName = Release;
		};
/* End XCConfigurationList section */
	};
	rootObject = 71E9314C14B9F3AD0093C709 /* Project object */;
}
